
Microsoft Visual Studio Solution File, Format Version 12.00
# Visual Studio Version 16
VisualStudioVersion = 16.0.31729.503
MinimumVisualStudioVersion = 10.0.40219.1
Project("{FAE04EC0-301F-11D3-BF4B-00C04F79EFBC}") = "OperationPeche", "OperationPeche\OperationPeche.csproj", "{70D50367-C7C9-415A-B38F-1FB8B4B0A32B}"
EndProject
Global
	GlobalSection(SolutionConfigurationPlatforms) = preSolution
		Debug|Any CPU = Debug|Any CPU
		Release|Any CPU = Release|Any CPU
	EndGlobalSection
	GlobalSection(ProjectConfigurationPlatforms) = postSolution
		{70D50367-C7C9-415A-B38F-1FB8B4B0A32B}.Debug|Any CPU.ActiveCfg = Debug|Any CPU
		{70D50367-C7C9-415A-B38F-1FB8B4B0A32B}.Debug|Any CPU.Build.0 = Debug|Any CPU
		{70D50367-C7C9-415A-B38F-1FB8B4B0A32B}.Release|Any CPU.ActiveCfg = Release|Any CPU
		{70D50367-C7C9-415A-B38F-1FB8B4B0A32B}.Release|Any CPU.Build.0 = Release|Any CPU
	EndGlobalSection
	GlobalSection(SolutionProperties) = preSolution
		HideSolutionNode = FALSE
	EndGlobalSection
	GlobalSection(ExtensibilityGlobals) = postSolution
		SolutionGuid = {7849491D-F491-484F-830B-9100E8D2D2CA}
	EndGlobalSection
EndGlobal
