
Microsoft Visual Studio Solution File, Format Version 12.00
# Visual Studio Version 16
VisualStudioVersion = 16.0.31911.196
MinimumVisualStudioVersion = 10.0.40219.1
Project("{FAE04EC0-301F-11D3-BF4B-00C04F79EFBC}") = "WpfApp1", "WpfApp1\WpfApp1.csproj", "{943B0607-5BB0-4699-B8AC-A35E08F4EA5E}"
EndProject
Global
	GlobalSection(SolutionConfigurationPlatforms) = preSolution
		Debug|Any CPU = Debug|Any CPU
		Release|Any CPU = Release|Any CPU
	EndGlobalSection
	GlobalSection(ProjectConfigurationPlatforms) = postSolution
		{943B0607-5BB0-4699-B8AC-A35E08F4EA5E}.Debug|Any CPU.ActiveCfg = Debug|Any CPU
		{943B0607-5BB0-4699-B8AC-A35E08F4EA5E}.Debug|Any CPU.Build.0 = Debug|Any CPU
		{943B0607-5BB0-4699-B8AC-A35E08F4EA5E}.Release|Any CPU.ActiveCfg = Release|Any CPU
		{943B0607-5BB0-4699-B8AC-A35E08F4EA5E}.Release|Any CPU.Build.0 = Release|Any CPU
	EndGlobalSection
	GlobalSection(SolutionProperties) = preSolution
		HideSolutionNode = FALSE
	EndGlobalSection
	GlobalSection(ExtensibilityGlobals) = postSolution
		SolutionGuid = {8C50510D-8462-4FE2-90A0-B8E3391D31D6}
	EndGlobalSection
EndGlobal
