
Microsoft Visual Studio Solution File, Format Version 12.00
# Visual Studio Version 16
VisualStudioVersion = 16.0.31729.503
MinimumVisualStudioVersion = 10.0.40219.1
Project("{FAE04EC0-301F-11D3-BF4B-00C04F79EFBC}") = "Voitures", "Voitures\Voitures.csproj", "{F948D225-142D-45FD-9E8E-E6A272BD921D}"
EndProject
Project("{FAE04EC0-301F-11D3-BF4B-00C04F79EFBC}") = "ConsoleApp1", "..\ConsoleApp1\ConsoleApp1.csproj", "{EDDA339C-6A10-4651-AEC3-FD3D29653EBA}"
EndProject
Global
	GlobalSection(SolutionConfigurationPlatforms) = preSolution
		Debug|Any CPU = Debug|Any CPU
		Release|Any CPU = Release|Any CPU
	EndGlobalSection
	GlobalSection(ProjectConfigurationPlatforms) = postSolution
		{F948D225-142D-45FD-9E8E-E6A272BD921D}.Debug|Any CPU.ActiveCfg = Debug|Any CPU
		{F948D225-142D-45FD-9E8E-E6A272BD921D}.Debug|Any CPU.Build.0 = Debug|Any CPU
		{F948D225-142D-45FD-9E8E-E6A272BD921D}.Release|Any CPU.ActiveCfg = Release|Any CPU
		{F948D225-142D-45FD-9E8E-E6A272BD921D}.Release|Any CPU.Build.0 = Release|Any CPU
		{EDDA339C-6A10-4651-AEC3-FD3D29653EBA}.Debug|Any CPU.ActiveCfg = Debug|Any CPU
		{EDDA339C-6A10-4651-AEC3-FD3D29653EBA}.Debug|Any CPU.Build.0 = Debug|Any CPU
		{EDDA339C-6A10-4651-AEC3-FD3D29653EBA}.Release|Any CPU.ActiveCfg = Release|Any CPU
		{EDDA339C-6A10-4651-AEC3-FD3D29653EBA}.Release|Any CPU.Build.0 = Release|Any CPU
	EndGlobalSection
	GlobalSection(SolutionProperties) = preSolution
		HideSolutionNode = FALSE
	EndGlobalSection
	GlobalSection(ExtensibilityGlobals) = postSolution
		SolutionGuid = {9F6A442A-D2EE-424F-8C54-AF4894FCE407}
	EndGlobalSection
EndGlobal
