
Microsoft Visual Studio Solution File, Format Version 12.00
# Visual Studio Version 16
VisualStudioVersion = 16.0.31729.503
MinimumVisualStudioVersion = 10.0.40219.1
Project("{FAE04EC0-301F-11D3-BF4B-00C04F79EFBC}") = "JeuxCombats", "JeuxCombats\JeuxCombats.csproj", "{F00FADA0-DAF6-4A8D-BE89-2E0F5839EC6B}"
EndProject
Global
	GlobalSection(SolutionConfigurationPlatforms) = preSolution
		Debug|Any CPU = Debug|Any CPU
		Release|Any CPU = Release|Any CPU
	EndGlobalSection
	GlobalSection(ProjectConfigurationPlatforms) = postSolution
		{F00FADA0-DAF6-4A8D-BE89-2E0F5839EC6B}.Debug|Any CPU.ActiveCfg = Debug|Any CPU
		{F00FADA0-DAF6-4A8D-BE89-2E0F5839EC6B}.Debug|Any CPU.Build.0 = Debug|Any CPU
		{F00FADA0-DAF6-4A8D-BE89-2E0F5839EC6B}.Release|Any CPU.ActiveCfg = Release|Any CPU
		{F00FADA0-DAF6-4A8D-BE89-2E0F5839EC6B}.Release|Any CPU.Build.0 = Release|Any CPU
	EndGlobalSection
	GlobalSection(SolutionProperties) = preSolution
		HideSolutionNode = FALSE
	EndGlobalSection
	GlobalSection(ExtensibilityGlobals) = postSolution
		SolutionGuid = {A178A214-1F68-45CD-BEBB-DE761C210FDB}
	EndGlobalSection
EndGlobal
