
Microsoft Visual Studio Solution File, Format Version 12.00
# Visual Studio Version 16
VisualStudioVersion = 16.0.31729.503
MinimumVisualStudioVersion = 10.0.40219.1
Project("{9A19103F-16F7-4668-BE54-9A1E7A4F7556}") = "personnes", "personnes\personnes.csproj", "{D3241013-55AF-4A6F-A78D-CE053C35A0D0}"
EndProject
Global
	GlobalSection(SolutionConfigurationPlatforms) = preSolution
		Debug|Any CPU = Debug|Any CPU
		Release|Any CPU = Release|Any CPU
	EndGlobalSection
	GlobalSection(ProjectConfigurationPlatforms) = postSolution
		{D3241013-55AF-4A6F-A78D-CE053C35A0D0}.Debug|Any CPU.ActiveCfg = Debug|Any CPU
		{D3241013-55AF-4A6F-A78D-CE053C35A0D0}.Debug|Any CPU.Build.0 = Debug|Any CPU
		{D3241013-55AF-4A6F-A78D-CE053C35A0D0}.Release|Any CPU.ActiveCfg = Release|Any CPU
		{D3241013-55AF-4A6F-A78D-CE053C35A0D0}.Release|Any CPU.Build.0 = Release|Any CPU
	EndGlobalSection
	GlobalSection(SolutionProperties) = preSolution
		HideSolutionNode = FALSE
	EndGlobalSection
	GlobalSection(ExtensibilityGlobals) = postSolution
		SolutionGuid = {9176DF22-CF65-4C0F-AC49-A3A74F821619}
	EndGlobalSection
EndGlobal
