
Microsoft Visual Studio Solution File, Format Version 12.00
# Visual Studio Version 16
VisualStudioVersion = 16.0.31729.503
MinimumVisualStudioVersion = 10.0.40219.1
Project("{FAE04EC0-301F-11D3-BF4B-00C04F79EFBC}") = "SpaceInvaders", "SpaceInvaders\SpaceInvaders.csproj", "{FB6A5E40-B2A7-4539-838C-ADD400A2026D}"
EndProject
Global
	GlobalSection(SolutionConfigurationPlatforms) = preSolution
		Debug|Any CPU = Debug|Any CPU
		Release|Any CPU = Release|Any CPU
	EndGlobalSection
	GlobalSection(ProjectConfigurationPlatforms) = postSolution
		{FB6A5E40-B2A7-4539-838C-ADD400A2026D}.Debug|Any CPU.ActiveCfg = Debug|Any CPU
		{FB6A5E40-B2A7-4539-838C-ADD400A2026D}.Debug|Any CPU.Build.0 = Debug|Any CPU
		{FB6A5E40-B2A7-4539-838C-ADD400A2026D}.Release|Any CPU.ActiveCfg = Release|Any CPU
		{FB6A5E40-B2A7-4539-838C-ADD400A2026D}.Release|Any CPU.Build.0 = Release|Any CPU
	EndGlobalSection
	GlobalSection(SolutionProperties) = preSolution
		HideSolutionNode = FALSE
	EndGlobalSection
	GlobalSection(ExtensibilityGlobals) = postSolution
		SolutionGuid = {54F00EFB-2753-4E27-8E99-25BC69B8A6CE}
	EndGlobalSection
EndGlobal
