
Microsoft Visual Studio Solution File, Format Version 12.00
# Visual Studio Version 16
VisualStudioVersion = 16.0.31729.503
MinimumVisualStudioVersion = 10.0.40219.1
Project("{FAE04EC0-301F-11D3-BF4B-00C04F79EFBC}") = "ApiPersonnes", "ApiPersonnes\ApiPersonnes.csproj", "{404BA2D8-B9D1-45B6-8446-EDC226D26754}"
EndProject
Global
	GlobalSection(SolutionConfigurationPlatforms) = preSolution
		Debug|Any CPU = Debug|Any CPU
		Release|Any CPU = Release|Any CPU
	EndGlobalSection
	GlobalSection(ProjectConfigurationPlatforms) = postSolution
		{404BA2D8-B9D1-45B6-8446-EDC226D26754}.Debug|Any CPU.ActiveCfg = Debug|Any CPU
		{404BA2D8-B9D1-45B6-8446-EDC226D26754}.Debug|Any CPU.Build.0 = Debug|Any CPU
		{404BA2D8-B9D1-45B6-8446-EDC226D26754}.Release|Any CPU.ActiveCfg = Release|Any CPU
		{404BA2D8-B9D1-45B6-8446-EDC226D26754}.Release|Any CPU.Build.0 = Release|Any CPU
	EndGlobalSection
	GlobalSection(SolutionProperties) = preSolution
		HideSolutionNode = FALSE
	EndGlobalSection
	GlobalSection(ExtensibilityGlobals) = postSolution
		SolutionGuid = {D4483FAF-A1D5-4473-A3AB-1EA0256C859D}
	EndGlobalSection
EndGlobal
