
Microsoft Visual Studio Solution File, Format Version 12.00
# Visual Studio Version 16
VisualStudioVersion = 16.0.31729.503
MinimumVisualStudioVersion = 10.0.40219.1
Project("{FAE04EC0-301F-11D3-BF4B-00C04F79EFBC}") = "InterventionMaintenance", "InterventionMaintenance\InterventionMaintenance.csproj", "{846AC2AD-4935-42C7-A567-966543B90785}"
EndProject
Global
	GlobalSection(SolutionConfigurationPlatforms) = preSolution
		Debug|Any CPU = Debug|Any CPU
		Release|Any CPU = Release|Any CPU
	EndGlobalSection
	GlobalSection(ProjectConfigurationPlatforms) = postSolution
		{846AC2AD-4935-42C7-A567-966543B90785}.Debug|Any CPU.ActiveCfg = Debug|Any CPU
		{846AC2AD-4935-42C7-A567-966543B90785}.Debug|Any CPU.Build.0 = Debug|Any CPU
		{846AC2AD-4935-42C7-A567-966543B90785}.Release|Any CPU.ActiveCfg = Release|Any CPU
		{846AC2AD-4935-42C7-A567-966543B90785}.Release|Any CPU.Build.0 = Release|Any CPU
	EndGlobalSection
	GlobalSection(SolutionProperties) = preSolution
		HideSolutionNode = FALSE
	EndGlobalSection
	GlobalSection(ExtensibilityGlobals) = postSolution
		SolutionGuid = {A62DB65F-39E1-44B1-B258-D78E51819FE5}
	EndGlobalSection
EndGlobal
